
Microsoft Visual Studio Solution File, Format Version 12.00
Project("{FAE04EC0-301F-11D3-BF4B-00C04F79EFBC}") = "Legacy", "Legacy\Legacy.csproj", "{49AF8FBC-A4D1-4E5E-8843-040CF1EB1810}"
EndProject
Project("{FAE04EC0-301F-11D3-BF4B-00C04F79EFBC}") = "Auth.Application", "Auth.Application\Auth.Application.csproj", "{31F2A4C4-21FC-445E-B1C9-44430583B988}"
EndProject
Project("{FAE04EC0-301F-11D3-BF4B-00C04F79EFBC}") = "Auth.Domain", "Auth.Domain\Auth.Domain.csproj", "{5B709CB0-4B7F-4D3B-9D4A-5697B85D386D}"
EndProject
Project("{FAE04EC0-301F-11D3-BF4B-00C04F79EFBC}") = "Auth.Domain.Services", "Auth.Domain.Services\Auth.Domain.Services.csproj", "{26219284-63B1-4626-BD29-6B9856388583}"
EndProject
Project("{FAE04EC0-301F-11D3-BF4B-00C04F79EFBC}") = "Auth.Domain.Core", "Auth.Domain.Core\Auth.Domain.Core.csproj", "{BA127BEE-9533-4B72-8719-DA0738BEA8D0}"
EndProject
Project("{FAE04EC0-301F-11D3-BF4B-00C04F79EFBC}") = "Auth.API", "Auth.API\Auth.API.csproj", "{009CC58D-AF9C-4BBD-A25C-1FAAA40962B9}"
EndProject
Project("{FAE04EC0-301F-11D3-BF4B-00C04F79EFBC}") = "Auth.Infrastructure", "Auth.Infrastructure\Auth.Infrastructure.csproj", "{2E123658-18E2-4B7E-BD15-4102DB3D69D9}"
EndProject
Global
	GlobalSection(SolutionConfigurationPlatforms) = preSolution
		Debug|Any CPU = Debug|Any CPU
		Release|Any CPU = Release|Any CPU
	EndGlobalSection
	GlobalSection(ProjectConfigurationPlatforms) = postSolution
		{49AF8FBC-A4D1-4E5E-8843-040CF1EB1810}.Debug|Any CPU.ActiveCfg = Debug|Any CPU
		{49AF8FBC-A4D1-4E5E-8843-040CF1EB1810}.Debug|Any CPU.Build.0 = Debug|Any CPU
		{49AF8FBC-A4D1-4E5E-8843-040CF1EB1810}.Release|Any CPU.ActiveCfg = Release|Any CPU
		{49AF8FBC-A4D1-4E5E-8843-040CF1EB1810}.Release|Any CPU.Build.0 = Release|Any CPU
		{31F2A4C4-21FC-445E-B1C9-44430583B988}.Debug|Any CPU.ActiveCfg = Debug|Any CPU
		{31F2A4C4-21FC-445E-B1C9-44430583B988}.Debug|Any CPU.Build.0 = Debug|Any CPU
		{31F2A4C4-21FC-445E-B1C9-44430583B988}.Release|Any CPU.ActiveCfg = Release|Any CPU
		{31F2A4C4-21FC-445E-B1C9-44430583B988}.Release|Any CPU.Build.0 = Release|Any CPU
		{5B709CB0-4B7F-4D3B-9D4A-5697B85D386D}.Debug|Any CPU.ActiveCfg = Debug|Any CPU
		{5B709CB0-4B7F-4D3B-9D4A-5697B85D386D}.Debug|Any CPU.Build.0 = Debug|Any CPU
		{5B709CB0-4B7F-4D3B-9D4A-5697B85D386D}.Release|Any CPU.ActiveCfg = Release|Any CPU
		{5B709CB0-4B7F-4D3B-9D4A-5697B85D386D}.Release|Any CPU.Build.0 = Release|Any CPU
		{26219284-63B1-4626-BD29-6B9856388583}.Debug|Any CPU.ActiveCfg = Debug|Any CPU
		{26219284-63B1-4626-BD29-6B9856388583}.Debug|Any CPU.Build.0 = Debug|Any CPU
		{26219284-63B1-4626-BD29-6B9856388583}.Release|Any CPU.ActiveCfg = Release|Any CPU
		{26219284-63B1-4626-BD29-6B9856388583}.Release|Any CPU.Build.0 = Release|Any CPU
		{BA127BEE-9533-4B72-8719-DA0738BEA8D0}.Debug|Any CPU.ActiveCfg = Debug|Any CPU
		{BA127BEE-9533-4B72-8719-DA0738BEA8D0}.Debug|Any CPU.Build.0 = Debug|Any CPU
		{BA127BEE-9533-4B72-8719-DA0738BEA8D0}.Release|Any CPU.ActiveCfg = Release|Any CPU
		{BA127BEE-9533-4B72-8719-DA0738BEA8D0}.Release|Any CPU.Build.0 = Release|Any CPU
		{009CC58D-AF9C-4BBD-A25C-1FAAA40962B9}.Debug|Any CPU.ActiveCfg = Debug|Any CPU
		{009CC58D-AF9C-4BBD-A25C-1FAAA40962B9}.Debug|Any CPU.Build.0 = Debug|Any CPU
		{009CC58D-AF9C-4BBD-A25C-1FAAA40962B9}.Release|Any CPU.ActiveCfg = Release|Any CPU
		{009CC58D-AF9C-4BBD-A25C-1FAAA40962B9}.Release|Any CPU.Build.0 = Release|Any CPU
		{2E123658-18E2-4B7E-BD15-4102DB3D69D9}.Debug|Any CPU.ActiveCfg = Debug|Any CPU
		{2E123658-18E2-4B7E-BD15-4102DB3D69D9}.Debug|Any CPU.Build.0 = Debug|Any CPU
		{2E123658-18E2-4B7E-BD15-4102DB3D69D9}.Release|Any CPU.ActiveCfg = Release|Any CPU
		{2E123658-18E2-4B7E-BD15-4102DB3D69D9}.Release|Any CPU.Build.0 = Release|Any CPU
	EndGlobalSection
EndGlobal
